
Microsoft Visual Studio Solution File, Format Version 12.00
# Visual Studio Version 17
VisualStudioVersion = 17.0.31903.59
MinimumVisualStudioVersion = 10.0.40219.1
Project("{FAE04EC0-301F-11D3-BF4B-00C04F79EFBC}") = "ProjectManagementApp", "ProjectManagementApp\ProjectManagementApp.csproj", "{32DD79D9-ADCE-4A1A-84BB-2E44ADC4B6EA}"
EndProject
Project("{FAE04EC0-301F-11D3-BF4B-00C04F79EFBC}") = "ProjectManagementLibrary", "ProjectManagementLibrary\ProjectManagementLibrary.csproj", "{74691E45-CBBC-452C-8875-06185E684EE3}"
EndProject
Global
	GlobalSection(SolutionConfigurationPlatforms) = preSolution
		Debug|Any CPU = Debug|Any CPU
		Release|Any CPU = Release|Any CPU
	EndGlobalSection
	GlobalSection(SolutionProperties) = preSolution
		HideSolutionNode = FALSE
	EndGlobalSection
	GlobalSection(ProjectConfigurationPlatforms) = postSolution
		{32DD79D9-ADCE-4A1A-84BB-2E44ADC4B6EA}.Debug|Any CPU.ActiveCfg = Debug|Any CPU
		{32DD79D9-ADCE-4A1A-84BB-2E44ADC4B6EA}.Debug|Any CPU.Build.0 = Debug|Any CPU
		{32DD79D9-ADCE-4A1A-84BB-2E44ADC4B6EA}.Release|Any CPU.ActiveCfg = Release|Any CPU
		{32DD79D9-ADCE-4A1A-84BB-2E44ADC4B6EA}.Release|Any CPU.Build.0 = Release|Any CPU
		{74691E45-CBBC-452C-8875-06185E684EE3}.Debug|Any CPU.ActiveCfg = Debug|Any CPU
		{74691E45-CBBC-452C-8875-06185E684EE3}.Debug|Any CPU.Build.0 = Debug|Any CPU
		{74691E45-CBBC-452C-8875-06185E684EE3}.Release|Any CPU.ActiveCfg = Release|Any CPU
		{74691E45-CBBC-452C-8875-06185E684EE3}.Release|Any CPU.Build.0 = Release|Any CPU
	EndGlobalSection
EndGlobal
